// !$*UTF8*$!
{
	archiveVersion = 1;
	classes = {
	};
	objectVersion = 46;
	objects = {

/* Begin PBXBuildFile section */
		EBF73A391CBF5F8A00F2CC92 /* VibeProtocol.h in CopyFiles */ = {isa = PBXBuildFile; fileRef = EBF73A381CBF5F8A00F2CC92 /* VibeProtocol.h */; };
		EBF73A3B1CBF5F8A00F2CC92 /* VibeProtocol.m in Sources */ = {isa = PBXBuildFile; fileRef = EBF73A3A1CBF5F8A00F2CC92 /* VibeProtocol.m */; };
/* End PBXBuildFile section */

/* Begin PBXCopyFilesBuildPhase section */
		EBF73A331CBF5F8A00F2CC92 /* CopyFiles */ = {
			isa = PBXCopyFilesBuildPhase;
			buildActionMask = 2147483647;
			dstPath = "include/$(PRODUCT_NAME)";
			dstSubfolderSpec = 16;
			files = (
				EBF73A391CBF5F8A00F2CC92 /* VibeProtocol.h in CopyFiles */,
			);
			runOnlyForDeploymentPostprocessing = 0;
		};
/* End PBXCopyFilesBuildPhase section */

/* Begin PBXFileReference section */
		EBF73A351CBF5F8A00F2CC92 /* libVibeProtocol.a */ = {isa = PBXFileReference; explicitFileType = archive.ar; includeInIndex = 0; path = libVibeProtocol.a; sourceTree = BUILT_PRODUCTS_DIR; };
		EBF73A381CBF5F8A00F2CC92 /* VibeProtocol.h */ = {isa = PBXFileReference; lastKnownFileType = sourcecode.c.h; path = VibeProtocol.h; sourceTree = "<group>"; };
		EBF73A3A1CBF5F8A00F2CC92 /* VibeProtocol.m */ = {isa = PBXFileReference; lastKnownFileType = sourcecode.c.objc; path = VibeProtocol.m; sourceTree = "<group>"; };
/* End PBXFileReference section */

/* Begin PBXFrameworksBuildPhase section */
		EBF73A321CBF5F8A00F2CC92 /* Frameworks */ = {
			isa = PBXFrameworksBuildPhase;
			buildActionMask = 2147483647;
			files = (
			);
			runOnlyForDeploymentPostprocessing = 0;
		};
/* End PBXFrameworksBuildPhase section */

/* Begin PBXGroup section */
		EBF73A2C1CBF5F8A00F2CC92 = {
			isa = PBXGroup;
			children = (
				EBF73A371CBF5F8A00F2CC92 /* VibeProtocol */,
				EBF73A361CBF5F8A00F2CC92 /* Products */,
			);
			sourceTree = "<group>";
		};
		EBF73A361CBF5F8A00F2CC92 /* Products */ = {
			isa = PBXGroup;
			children = (
				EBF73A351CBF5F8A00F2CC92 /* libVibeProtocol.a */,
			);
			name = Products;
			sourceTree = "<group>";
		};
		EBF73A371CBF5F8A00F2CC92 /* VibeProtocol */ = {
			isa = PBXGroup;
			children = (
				EBF73A381CBF5F8A00F2CC92 /* VibeProtocol.h */,
				EBF73A3A1CBF5F8A00F2CC92 /* VibeProtocol.m */,
			);
			path = VibeProtocol;
			sourceTree = "<group>";
		};
/* End PBXGroup section */

/* Begin PBXNativeTarget section */
		EBF73A341CBF5F8A00F2CC92 /* VibeProtocol */ = {
			isa = PBXNativeTarget;
			buildConfigurationList = EBF73A3E1CBF5F8A00F2CC92 /* Build configuration list for PBXNativeTarget "VibeProtocol" */;
			buildPhases = (
				EBF73A311CBF5F8A00F2CC92 /* Sources */,
				EBF73A321CBF5F8A00F2CC92 /* Frameworks */,
				EBF73A331CBF5F8A00F2CC92 /* CopyFiles */,
			);
			buildRules = (
			);
			dependencies = (
			);
			name = VibeProtocol;
			productName = VibeProtocol;
			productReference = EBF73A351CBF5F8A00F2CC92 /* libVibeProtocol.a */;
			productType = "com.apple.product-type.library.static";
		};
/* End PBXNativeTarget section */

/* Begin PBXProject section */
		EBF73A2D1CBF5F8A00F2CC92 /* Project object */ = {
			isa = PBXProject;
			attributes = {
				LastUpgradeCheck = 0730;
				ORGANIZATIONNAME = "Kuriakose Sony Theakanath";
				TargetAttributes = {
					EBF73A341CBF5F8A00F2CC92 = {
						CreatedOnToolsVersion = 7.3;
					};
				};
			};
			buildConfigurationList = EBF73A301CBF5F8A00F2CC92 /* Build configuration list for PBXProject "VibeProtocol" */;
			compatibilityVersion = "Xcode 3.2";
			developmentRegion = English;
			hasScannedForEncodings = 0;
			knownRegions = (
				en,
			);
			mainGroup = EBF73A2C1CBF5F8A00F2CC92;
			productRefGroup = EBF73A361CBF5F8A00F2CC92 /* Products */;
			projectDirPath = "";
			projectRoot = "";
			targets = (
				EBF73A341CBF5F8A00F2CC92 /* VibeProtocol */,
			);
		};
/* End PBXProject section */

/* Begin PBXSourcesBuildPhase section */
		EBF73A311CBF5F8A00F2CC92 /* Sources */ = {
			isa = PBXSourcesBuildPhase;
			buildActionMask = 2147483647;
			files = (
				EBF73A3B1CBF5F8A00F2CC92 /* VibeProtocol.m in Sources */,
			);
			runOnlyForDeploymentPostprocessing = 0;
		};
/* End PBXSourcesBuildPhase section */

/* Begin XCBuildConfiguration section */
		EBF73A3C1CBF5F8A00F2CC92 /* Debug */ = {
			isa = XCBuildConfiguration;
			buildSettings = {
				ALWAYS_SEARCH_USER_PATHS = NO;
				CLANG_ANALYZER_NONNULL = YES;
				CLANG_CXX_LANGUAGE_STANDARD = "gnu++0x";
				CLANG_CXX_LIBRARY = "libc++";
				CLANG_ENABLE_MODULES = YES;
				CLANG_ENABLE_OBJC_ARC = YES;
				CLANG_WARN_BOOL_CONVERSION = YES;
				CLANG_WARN_CONSTANT_CONVERSION = YES;
				CLANG_WARN_DIRECT_OBJC_ISA_USAGE = YES_ERROR;
				CLANG_WARN_EMPTY_BODY = YES;
				CLANG_WARN_ENUM_CONVERSION = YES;
				CLANG_WARN_INT_CONVERSION = YES;
				CLANG_WARN_OBJC_ROOT_CLASS = YES_ERROR;
				CLANG_WARN_UNREACHABLE_CODE = YES;
				CLANG_WARN__DUPLICATE_METHOD_MATCH = YES;
				"CODE_SIGN_IDENTITY[sdk=iphoneos*]" = "iPhone Developer";
				COPY_PHASE_STRIP = NO;
				DEBUG_INFORMATION_FORMAT = dwarf;
				ENABLE_STRICT_OBJC_MSGSEND = YES;
				ENABLE_TESTABILITY = YES;
				GCC_C_LANGUAGE_STANDARD = gnu99;
				GCC_DYNAMIC_NO_PIC = NO;
				GCC_NO_COMMON_BLOCKS = YES;
				GCC_OPTIMIZATION_LEVEL = 0;
				GCC_PREPROCESSOR_DEFINITIONS = (
					"DEBUG=1",
					"$(inherited)",
				);
				GCC_WARN_64_TO_32_BIT_CONVERSION = YES;
				GCC_WARN_ABOUT_RETURN_TYPE = YES_ERROR;
				GCC_WARN_UNDECLARED_SELECTOR = YES;
				GCC_WARN_UNINITIALIZED_AUTOS = YES_AGGRESSIVE;
				GCC_WARN_UNUSED_FUNCTION = YES;
				GCC_WARN_UNUSED_VARIABLE = YES;
				IPHONEOS_DEPLOYMENT_TARGET = 9.3;
				MTL_ENABLE_DEBUG_INFO = YES;
				ONLY_ACTIVE_ARCH = YES;
				SDKROOT = iphoneos;
			};
			name = Debug;
		};
		EBF73A3D1CBF5F8A00F2CC92 /* Release */ = {
			isa = XCBuildConfiguration;
			buildSettings = {
				ALWAYS_SEARCH_USER_PATHS = NO;
				CLANG_ANALYZER_NONNULL = YES;
				CLANG_CXX_LANGUAGE_STANDARD = "gnu++0x";
				CLANG_CXX_LIBRARY = "libc++";
				CLANG_ENABLE_MODULES = YES;
				CLANG_ENABLE_OBJC_ARC = YES;
				CLANG_WARN_BOOL_CONVERSION = YES;
				CLANG_WARN_CONSTANT_CONVERSION = YES;
				CLANG_WARN_DIRECT_OBJC_ISA_USAGE = YES_ERROR;
				CLANG_WARN_EMPTY_BODY = YES;
				CLANG_WARN_ENUM_CONVERSION = YES;
				CLANG_WARN_INT_CONVERSION = YES;
				CLANG_WARN_OBJC_ROOT_CLASS = YES_ERROR;
				CLANG_WARN_UNREACHABLE_CODE = YES;
				CLANG_WARN__DUPLICATE_METHOD_MATCH = YES;
				"CODE_SIGN_IDENTITY[sdk=iphoneos*]" = "iPhone Developer";
				COPY_PHASE_STRIP = NO;
				DEBUG_INFORMATION_FORMAT = "dwarf-with-dsym";
				ENABLE_NS_ASSERTIONS = NO;
				ENABLE_STRICT_OBJC_MSGSEND = YES;
				GCC_C_LANGUAGE_STANDARD = gnu99;
				GCC_NO_COMMON_BLOCKS = YES;
				GCC_WARN_64_TO_32_BIT_CONVERSION = YES;
				GCC_WARN_ABOUT_RETURN_TYPE = YES_ERROR;
				GCC_WARN_UNDECLARED_SELECTOR = YES;
				GCC_WARN_UNINITIALIZED_AUTOS = YES_AGGRESSIVE;
				GCC_WARN_UNUSED_FUNCTION = YES;
				GCC_WARN_UNUSED_VARIABLE = YES;
				IPHONEOS_DEPLOYMENT_TARGET = 9.3;
				MTL_ENABLE_DEBUG_INFO = NO;
				SDKROOT = iphoneos;
				VALIDATE_PRODUCT = YES;
			};
			name = Release;
		};
		EBF73A3F1CBF5F8A00F2CC92 /* Debug */ = {
			isa = XCBuildConfiguration;
			buildSettings = {
				OTHER_LDFLAGS = "-ObjC";
				PRODUCT_NAME = "$(TARGET_NAME)";
				SKIP_INSTALL = YES;
			};
			name = Debug;
		};
		EBF73A401CBF5F8A00F2CC92 /* Release */ = {
			isa = XCBuildConfiguration;
			buildSettings = {
				OTHER_LDFLAGS = "-ObjC";
				PRODUCT_NAME = "$(TARGET_NAME)";
				SKIP_INSTALL = YES;
			};
			name = Release;
		};
/* End XCBuildConfiguration section */

/* Begin XCConfigurationList section */
		EBF73A301CBF5F8A00F2CC92 /* Build configuration list for PBXProject "VibeProtocol" */ = {
			isa = XCConfigurationList;
			buildConfigurations = (
				EBF73A3C1CBF5F8A00F2CC92 /* Debug */,
				EBF73A3D1CBF5F8A00F2CC92 /* Release */,
			);
			defaultConfigurationIsVisible = 0;
			defaultConfigurationName = Release;
		};
		EBF73A3E1CBF5F8A00F2CC92 /* Build configuration list for PBXNativeTarget "VibeProtocol" */ = {
			isa = XCConfigurationList;
			buildConfigurations = (
				EBF73A3F1CBF5F8A00F2CC92 /* Debug */,
				EBF73A401CBF5F8A00F2CC92 /* Release */,
			);
			defaultConfigurationIsVisible = 0;
		};
/* End XCConfigurationList section */
	};
	rootObject = EBF73A2D1CBF5F8A00F2CC92 /* Project object */;
}
