<?xml version="1.0" encoding="UTF-8"?>
<!DOCTYPE plist PUBLIC "-//Apple//DTD PLIST 1.0//EN" "http://www.apple.com/DTDs/PropertyList-1.0.dtd">
<plist version="1.0">
<dict>
	<key>archiveVersion</key>
	<string>1</string>
	<key>classes</key>
	<dict/>
	<key>objectVersion</key>
	<string>46</string>
	<key>objects</key>
	<dict>
		<key>0B3FFC285AD44BDFB7780D88</key>
		<dict>
			<key>includeInIndex</key>
			<string>1</string>
			<key>isa</key>
			<string>PBXFileReference</string>
			<key>lastKnownFileType</key>
			<string>text.xcconfig</string>
			<key>name</key>
			<string>Pods-iron.release.xcconfig</string>
			<key>path</key>
			<string>../Pods/Target Support Files/Pods-iron/Pods-iron.release.xcconfig</string>
			<key>sourceTree</key>
			<string>&lt;group&gt;</string>
		</dict>
		<key>308C566F22972E275B4A0C6E</key>
		<dict>
			<key>fileRef</key>
			<string>8E0B5D33F419D85B799B1425</string>
			<key>isa</key>
			<string>PBXBuildFile</string>
		</dict>
		<key>69D5B18D4B67462E67D3081F</key>
		<dict>
			<key>fileRef</key>
			<string>E1B8DD1044F9E3498718FD56</string>
			<key>isa</key>
			<string>PBXBuildFile</string>
		</dict>
		<key>8B32559CB1C400103DC691B0</key>
		<dict>
			<key>includeInIndex</key>
			<string>1</string>
			<key>isa</key>
			<string>PBXFileReference</string>
			<key>lastKnownFileType</key>
			<string>text.xcconfig</string>
			<key>name</key>
			<string>Pods.debug.xcconfig</string>
			<key>path</key>
			<string>Pods/Target Support Files/Pods/Pods.debug.xcconfig</string>
			<key>sourceTree</key>
			<string>&lt;group&gt;</string>
		</dict>
		<key>8E0B5D33F419D85B799B1425</key>
		<dict>
			<key>explicitFileType</key>
			<string>archive.ar</string>
			<key>includeInIndex</key>
			<string>0</string>
			<key>isa</key>
			<string>PBXFileReference</string>
			<key>path</key>
			<string>libPods.a</string>
			<key>sourceTree</key>
			<string>BUILT_PRODUCTS_DIR</string>
		</dict>
		<key>9400E240B574559D348B5469</key>
		<dict>
			<key>includeInIndex</key>
			<string>1</string>
			<key>isa</key>
			<string>PBXFileReference</string>
			<key>lastKnownFileType</key>
			<string>text.xcconfig</string>
			<key>name</key>
			<string>Pods-iron.debug.xcconfig</string>
			<key>path</key>
			<string>../Pods/Target Support Files/Pods-iron/Pods-iron.debug.xcconfig</string>
			<key>sourceTree</key>
			<string>&lt;group&gt;</string>
		</dict>
		<key>BFE410EBF2087D9521154E92</key>
		<dict>
			<key>children</key>
			<array>
				<string>8B32559CB1C400103DC691B0</string>
				<string>CC690CBE44EF334CB5F95DA5</string>
				<string>9400E240B574559D348B5469</string>
				<string>0B3FFC285AD44BDFB7780D88</string>
			</array>
			<key>isa</key>
			<string>PBXGroup</string>
			<key>name</key>
			<string>Pods</string>
			<key>sourceTree</key>
			<string>&lt;group&gt;</string>
		</dict>
		<key>C5C77ACBFB710BC5ACB24E4D</key>
		<dict>
			<key>buildActionMask</key>
			<string>2147483647</string>
			<key>files</key>
			<array/>
			<key>inputPaths</key>
			<array/>
			<key>isa</key>
			<string>PBXShellScriptBuildPhase</string>
			<key>name</key>
			<string>Embed Pods Frameworks</string>
			<key>outputPaths</key>
			<array/>
			<key>runOnlyForDeploymentPostprocessing</key>
			<string>0</string>
			<key>shellPath</key>
			<string>/bin/sh</string>
			<key>shellScript</key>
			<string>"${SRCROOT}/../Pods/Target Support Files/Pods-iron/Pods-iron-frameworks.sh"
</string>
			<key>showEnvVarsInLog</key>
			<string>0</string>
		</dict>
		<key>CC690CBE44EF334CB5F95DA5</key>
		<dict>
			<key>includeInIndex</key>
			<string>1</string>
			<key>isa</key>
			<string>PBXFileReference</string>
			<key>lastKnownFileType</key>
			<string>text.xcconfig</string>
			<key>name</key>
			<string>Pods.release.xcconfig</string>
			<key>path</key>
			<string>Pods/Target Support Files/Pods/Pods.release.xcconfig</string>
			<key>sourceTree</key>
			<string>&lt;group&gt;</string>
		</dict>
		<key>CC8A54947A6083EF83B2151B</key>
		<dict>
			<key>children</key>
			<array>
				<string>EB1377361CBF77540048A065</string>
				<string>8E0B5D33F419D85B799B1425</string>
				<string>E1B8DD1044F9E3498718FD56</string>
			</array>
			<key>isa</key>
			<string>PBXGroup</string>
			<key>name</key>
			<string>Frameworks</string>
			<key>sourceTree</key>
			<string>&lt;group&gt;</string>
		</dict>
		<key>E1B8DD1044F9E3498718FD56</key>
		<dict>
			<key>explicitFileType</key>
			<string>archive.ar</string>
			<key>includeInIndex</key>
			<string>0</string>
			<key>isa</key>
			<string>PBXFileReference</string>
			<key>path</key>
			<string>libPods-iron.a</string>
			<key>sourceTree</key>
			<string>BUILT_PRODUCTS_DIR</string>
		</dict>
		<key>EB0732651CC1D080003F5889</key>
		<dict>
			<key>containerPortal</key>
			<string>EB13777D1CBF7E1B0048A065</string>
			<key>isa</key>
			<string>PBXContainerItemProxy</string>
			<key>proxyType</key>
			<string>1</string>
			<key>remoteGlobalIDString</key>
			<string>EB1377171CBF76D40048A065</string>
			<key>remoteInfo</key>
			<string>VibeProtocolFramework</string>
		</dict>
		<key>EB0732661CC1D080003F5889</key>
		<dict>
			<key>isa</key>
			<string>PBXTargetDependency</string>
			<key>name</key>
			<string>VibeProtocolFramework</string>
			<key>targetProxy</key>
			<string>EB0732651CC1D080003F5889</string>
		</dict>
		<key>EB1377361CBF77540048A065</key>
		<dict>
			<key>isa</key>
			<string>PBXFileReference</string>
			<key>lastKnownFileType</key>
			<string>wrapper.framework</string>
			<key>name</key>
			<string>VibeProtocolFramework.framework</string>
			<key>path</key>
			<string>VibeProtocolFramework/build/Debug-iphoneos/VibeProtocolFramework.framework</string>
			<key>sourceTree</key>
			<string>&lt;group&gt;</string>
		</dict>
		<key>EB13777D1CBF7E1B0048A065</key>
		<dict>
			<key>isa</key>
			<string>PBXFileReference</string>
			<key>lastKnownFileType</key>
			<string>wrapper.pb-project</string>
			<key>name</key>
			<string>VibeProtocolFramework.xcodeproj</string>
			<key>path</key>
			<string>../VibeProtocolFramework/VibeProtocolFramework.xcodeproj</string>
			<key>sourceTree</key>
			<string>&lt;group&gt;</string>
		</dict>
		<key>EB13777E1CBF7E1B0048A065</key>
		<dict>
			<key>children</key>
			<array>
				<string>EB1377831CBF7E1B0048A065</string>
				<string>EB1377851CBF7E1B0048A065</string>
			</array>
			<key>isa</key>
			<string>PBXGroup</string>
			<key>name</key>
			<string>Products</string>
			<key>sourceTree</key>
			<string>&lt;group&gt;</string>
		</dict>
		<key>EB1377821CBF7E1B0048A065</key>
		<dict>
			<key>containerPortal</key>
			<string>EB13777D1CBF7E1B0048A065</string>
			<key>isa</key>
			<string>PBXContainerItemProxy</string>
			<key>proxyType</key>
			<string>2</string>
			<key>remoteGlobalIDString</key>
			<string>EB1377181CBF76D40048A065</string>
			<key>remoteInfo</key>
			<string>VibeProtocolFramework</string>
		</dict>
		<key>EB1377831CBF7E1B0048A065</key>
		<dict>
			<key>fileType</key>
			<string>wrapper.framework</string>
			<key>isa</key>
			<string>PBXReferenceProxy</string>
			<key>path</key>
			<string>VibeProtocolFramework.framework</string>
			<key>remoteRef</key>
			<string>EB1377821CBF7E1B0048A065</string>
			<key>sourceTree</key>
			<string>BUILT_PRODUCTS_DIR</string>
		</dict>
		<key>EB1377841CBF7E1B0048A065</key>
		<dict>
			<key>containerPortal</key>
			<string>EB13777D1CBF7E1B0048A065</string>
			<key>isa</key>
			<string>PBXContainerItemProxy</string>
			<key>proxyType</key>
			<string>2</string>
			<key>remoteGlobalIDString</key>
			<string>EB1377221CBF76D40048A065</string>
			<key>remoteInfo</key>
			<string>VibeProtocolFrameworkTests</string>
		</dict>
		<key>EB1377851CBF7E1B0048A065</key>
		<dict>
			<key>fileType</key>
			<string>wrapper.cfbundle</string>
			<key>isa</key>
			<string>PBXReferenceProxy</string>
			<key>path</key>
			<string>VibeProtocolFrameworkTests.xctest</string>
			<key>remoteRef</key>
			<string>EB1377841CBF7E1B0048A065</string>
			<key>sourceTree</key>
			<string>BUILT_PRODUCTS_DIR</string>
		</dict>
		<key>EBE5D16F1CC1D2A2001D0AFC</key>
		<dict>
			<key>children</key>
			<array>
				<string>EBE5D1701CC1D3D4001D0AFC</string>
				<string>EBE5D1711CC1D3D4001D0AFC</string>
				<string>EBE5D1761CC1D56D001D0AFC</string>
				<string>EBE5D1771CC1D56D001D0AFC</string>
				<string>EBE5D1791CC1D8ED001D0AFC</string>
				<string>EBE5D17A1CC1D8ED001D0AFC</string>
			</array>
			<key>isa</key>
			<string>PBXGroup</string>
			<key>name</key>
			<string>Authentication + Login</string>
			<key>sourceTree</key>
			<string>&lt;group&gt;</string>
		</dict>
		<key>EBE5D1701CC1D3D4001D0AFC</key>
		<dict>
			<key>fileEncoding</key>
			<string>4</string>
			<key>isa</key>
			<string>PBXFileReference</string>
			<key>lastKnownFileType</key>
			<string>sourcecode.c.h</string>
			<key>name</key>
			<string>IRLoadingViewController.h</string>
			<key>path</key>
			<string>LoginUI/IRLoadingViewController.h</string>
			<key>sourceTree</key>
			<string>&lt;group&gt;</string>
		</dict>
		<key>EBE5D1711CC1D3D4001D0AFC</key>
		<dict>
			<key>fileEncoding</key>
			<string>4</string>
			<key>isa</key>
			<string>PBXFileReference</string>
			<key>lastKnownFileType</key>
			<string>sourcecode.c.objc</string>
			<key>name</key>
			<string>IRLoadingViewController.m</string>
			<key>path</key>
			<string>LoginUI/IRLoadingViewController.m</string>
			<key>sourceTree</key>
			<string>&lt;group&gt;</string>
		</dict>
		<key>EBE5D1721CC1D3D4001D0AFC</key>
		<dict>
			<key>fileRef</key>
			<string>EBE5D1711CC1D3D4001D0AFC</string>
			<key>isa</key>
			<string>PBXBuildFile</string>
		</dict>
		<key>EBE5D1761CC1D56D001D0AFC</key>
		<dict>
			<key>fileEncoding</key>
			<string>4</string>
			<key>isa</key>
			<string>PBXFileReference</string>
			<key>lastKnownFileType</key>
			<string>sourcecode.c.h</string>
			<key>name</key>
			<string>IRLoginViewController.h</string>
			<key>path</key>
			<string>LoginUI/IRLoginViewController.h</string>
			<key>sourceTree</key>
			<string>&lt;group&gt;</string>
		</dict>
		<key>EBE5D1771CC1D56D001D0AFC</key>
		<dict>
			<key>fileEncoding</key>
			<string>4</string>
			<key>isa</key>
			<string>PBXFileReference</string>
			<key>lastKnownFileType</key>
			<string>sourcecode.c.objc</string>
			<key>name</key>
			<string>IRLoginViewController.m</string>
			<key>path</key>
			<string>LoginUI/IRLoginViewController.m</string>
			<key>sourceTree</key>
			<string>&lt;group&gt;</string>
		</dict>
		<key>EBE5D1781CC1D56D001D0AFC</key>
		<dict>
			<key>fileRef</key>
			<string>EBE5D1771CC1D56D001D0AFC</string>
			<key>isa</key>
			<string>PBXBuildFile</string>
		</dict>
		<key>EBE5D1791CC1D8ED001D0AFC</key>
		<dict>
			<key>fileEncoding</key>
			<string>4</string>
			<key>isa</key>
			<string>PBXFileReference</string>
			<key>lastKnownFileType</key>
			<string>sourcecode.c.h</string>
			<key>name</key>
			<string>IRLoginButton.h</string>
			<key>path</key>
			<string>LoginUI/IRLoginButton.h</string>
			<key>sourceTree</key>
			<string>&lt;group&gt;</string>
		</dict>
		<key>EBE5D17A1CC1D8ED001D0AFC</key>
		<dict>
			<key>fileEncoding</key>
			<string>4</string>
			<key>isa</key>
			<string>PBXFileReference</string>
			<key>lastKnownFileType</key>
			<string>sourcecode.c.objc</string>
			<key>name</key>
			<string>IRLoginButton.m</string>
			<key>path</key>
			<string>LoginUI/IRLoginButton.m</string>
			<key>sourceTree</key>
			<string>&lt;group&gt;</string>
		</dict>
		<key>EBE5D17B1CC1D8ED001D0AFC</key>
		<dict>
			<key>fileRef</key>
			<string>EBE5D17A1CC1D8ED001D0AFC</string>
			<key>isa</key>
			<string>PBXBuildFile</string>
		</dict>
		<key>EBF739ED1CBF5D4000F2CC92</key>
		<dict>
			<key>children</key>
			<array>
				<string>EB13777D1CBF7E1B0048A065</string>
				<string>EBF739F81CBF5D4000F2CC92</string>
				<string>EBF73A121CBF5D4000F2CC92</string>
				<string>EBF73A1D1CBF5D4000F2CC92</string>
				<string>EBF739F71CBF5D4000F2CC92</string>
				<string>BFE410EBF2087D9521154E92</string>
				<string>CC8A54947A6083EF83B2151B</string>
			</array>
			<key>isa</key>
			<string>PBXGroup</string>
			<key>sourceTree</key>
			<string>&lt;group&gt;</string>
		</dict>
		<key>EBF739EE1CBF5D4000F2CC92</key>
		<dict>
			<key>attributes</key>
			<dict>
				<key>LastUpgradeCheck</key>
				<string>0730</string>
				<key>ORGANIZATIONNAME</key>
				<string>Kuriakose Sony Theakanath</string>
				<key>TargetAttributes</key>
				<dict>
					<key>EBF739F51CBF5D4000F2CC92</key>
					<dict>
						<key>CreatedOnToolsVersion</key>
						<string>7.3</string>
					</dict>
					<key>EBF73A0E1CBF5D4000F2CC92</key>
					<dict>
						<key>CreatedOnToolsVersion</key>
						<string>7.3</string>
						<key>TestTargetID</key>
						<string>EBF739F51CBF5D4000F2CC92</string>
					</dict>
					<key>EBF73A191CBF5D4000F2CC92</key>
					<dict>
						<key>CreatedOnToolsVersion</key>
						<string>7.3</string>
						<key>TestTargetID</key>
						<string>EBF739F51CBF5D4000F2CC92</string>
					</dict>
				</dict>
			</dict>
			<key>buildConfigurationList</key>
			<string>EBF739F11CBF5D4000F2CC92</string>
			<key>compatibilityVersion</key>
			<string>Xcode 3.2</string>
			<key>developmentRegion</key>
			<string>English</string>
			<key>hasScannedForEncodings</key>
			<string>0</string>
			<key>isa</key>
			<string>PBXProject</string>
			<key>knownRegions</key>
			<array>
				<string>en</string>
				<string>Base</string>
			</array>
			<key>mainGroup</key>
			<string>EBF739ED1CBF5D4000F2CC92</string>
			<key>productRefGroup</key>
			<string>EBF739F71CBF5D4000F2CC92</string>
			<key>projectDirPath</key>
			<string></string>
			<key>projectReferences</key>
			<array>
				<dict>
					<key>ProductGroup</key>
					<string>EB13777E1CBF7E1B0048A065</string>
					<key>ProjectRef</key>
					<string>EB13777D1CBF7E1B0048A065</string>
				</dict>
			</array>
			<key>projectRoot</key>
			<string></string>
			<key>targets</key>
			<array>
				<string>EBF739F51CBF5D4000F2CC92</string>
				<string>EBF73A0E1CBF5D4000F2CC92</string>
				<string>EBF73A191CBF5D4000F2CC92</string>
			</array>
		</dict>
		<key>EBF739F11CBF5D4000F2CC92</key>
		<dict>
			<key>buildConfigurations</key>
			<array>
				<string>EBF73A211CBF5D4000F2CC92</string>
				<string>EBF73A221CBF5D4000F2CC92</string>
			</array>
			<key>defaultConfigurationIsVisible</key>
			<string>0</string>
			<key>defaultConfigurationName</key>
			<string>Release</string>
			<key>isa</key>
			<string>XCConfigurationList</string>
		</dict>
		<key>EBF739F21CBF5D4000F2CC92</key>
		<dict>
			<key>buildActionMask</key>
			<string>2147483647</string>
			<key>files</key>
			<array>
				<string>EBE5D17B1CC1D8ED001D0AFC</string>
				<string>EBE5D1721CC1D3D4001D0AFC</string>
				<string>EBF73A011CBF5D4000F2CC92</string>
				<string>EBE5D1781CC1D56D001D0AFC</string>
				<string>EBF739FE1CBF5D4000F2CC92</string>
				<string>EBF739FB1CBF5D4000F2CC92</string>
			</array>
			<key>isa</key>
			<string>PBXSourcesBuildPhase</string>
			<key>runOnlyForDeploymentPostprocessing</key>
			<string>0</string>
		</dict>
		<key>EBF739F31CBF5D4000F2CC92</key>
		<dict>
			<key>buildActionMask</key>
			<string>2147483647</string>
			<key>files</key>
			<array>
				<string>308C566F22972E275B4A0C6E</string>
				<string>69D5B18D4B67462E67D3081F</string>
			</array>
			<key>isa</key>
			<string>PBXFrameworksBuildPhase</string>
			<key>runOnlyForDeploymentPostprocessing</key>
			<string>0</string>
		</dict>
		<key>EBF739F41CBF5D4000F2CC92</key>
		<dict>
			<key>buildActionMask</key>
			<string>2147483647</string>
			<key>files</key>
			<array>
				<string>EBF73A061CBF5D4000F2CC92</string>
			</array>
			<key>isa</key>
			<string>PBXResourcesBuildPhase</string>
			<key>runOnlyForDeploymentPostprocessing</key>
			<string>0</string>
		</dict>
		<key>EBF739F51CBF5D4000F2CC92</key>
		<dict>
			<key>buildConfigurationList</key>
			<string>EBF73A231CBF5D4000F2CC92</string>
			<key>buildPhases</key>
			<array>
				<string>EBF739F21CBF5D4000F2CC92</string>
				<string>EBF739F31CBF5D4000F2CC92</string>
				<string>EBF739F41CBF5D4000F2CC92</string>
				<string>EBF73A4A1CBF65A000F2CC92</string>
				<string>C5C77ACBFB710BC5ACB24E4D</string>
			</array>
			<key>buildRules</key>
			<array/>
			<key>dependencies</key>
			<array>
				<string>EB0732661CC1D080003F5889</string>
			</array>
			<key>isa</key>
			<string>PBXNativeTarget</string>
			<key>name</key>
			<string>iron</string>
			<key>productName</key>
			<string>iron</string>
			<key>productReference</key>
			<string>EBF739F61CBF5D4000F2CC92</string>
			<key>productType</key>
			<string>com.apple.product-type.application</string>
		</dict>
		<key>EBF739F61CBF5D4000F2CC92</key>
		<dict>
			<key>explicitFileType</key>
			<string>wrapper.application</string>
			<key>includeInIndex</key>
			<string>0</string>
			<key>isa</key>
			<string>PBXFileReference</string>
			<key>path</key>
			<string>iron.app</string>
			<key>sourceTree</key>
			<string>BUILT_PRODUCTS_DIR</string>
		</dict>
		<key>EBF739F71CBF5D4000F2CC92</key>
		<dict>
			<key>children</key>
			<array>
				<string>EBF739F61CBF5D4000F2CC92</string>
				<string>EBF73A0F1CBF5D4000F2CC92</string>
				<string>EBF73A1A1CBF5D4000F2CC92</string>
			</array>
			<key>isa</key>
			<string>PBXGroup</string>
			<key>name</key>
			<string>Products</string>
			<key>sourceTree</key>
			<string>&lt;group&gt;</string>
		</dict>
		<key>EBF739F81CBF5D4000F2CC92</key>
		<dict>
			<key>children</key>
			<array>
				<string>EBE5D16F1CC1D2A2001D0AFC</string>
				<string>EBF739FC1CBF5D4000F2CC92</string>
				<string>EBF739FD1CBF5D4000F2CC92</string>
				<string>EBF739FF1CBF5D4000F2CC92</string>
				<string>EBF73A001CBF5D4000F2CC92</string>
				<string>EBF73A051CBF5D4000F2CC92</string>
				<string>EBF73A0A1CBF5D4000F2CC92</string>
				<string>EBF739F91CBF5D4000F2CC92</string>
			</array>
			<key>isa</key>
			<string>PBXGroup</string>
			<key>path</key>
			<string>iron</string>
			<key>sourceTree</key>
			<string>&lt;group&gt;</string>
		</dict>
		<key>EBF739F91CBF5D4000F2CC92</key>
		<dict>
			<key>children</key>
			<array>
				<string>EBF739FA1CBF5D4000F2CC92</string>
			</array>
			<key>isa</key>
			<string>PBXGroup</string>
			<key>name</key>
			<string>Supporting Files</string>
			<key>sourceTree</key>
			<string>&lt;group&gt;</string>
		</dict>
		<key>EBF739FA1CBF5D4000F2CC92</key>
		<dict>
			<key>isa</key>
			<string>PBXFileReference</string>
			<key>lastKnownFileType</key>
			<string>sourcecode.c.objc</string>
			<key>path</key>
			<string>main.m</string>
			<key>sourceTree</key>
			<string>&lt;group&gt;</string>
		</dict>
		<key>EBF739FB1CBF5D4000F2CC92</key>
		<dict>
			<key>fileRef</key>
			<string>EBF739FA1CBF5D4000F2CC92</string>
			<key>isa</key>
			<string>PBXBuildFile</string>
		</dict>
		<key>EBF739FC1CBF5D4000F2CC92</key>
		<dict>
			<key>isa</key>
			<string>PBXFileReference</string>
			<key>lastKnownFileType</key>
			<string>sourcecode.c.h</string>
			<key>path</key>
			<string>AppDelegate.h</string>
			<key>sourceTree</key>
			<string>&lt;group&gt;</string>
		</dict>
		<key>EBF739FD1CBF5D4000F2CC92</key>
		<dict>
			<key>isa</key>
			<string>PBXFileReference</string>
			<key>lastKnownFileType</key>
			<string>sourcecode.c.objc</string>
			<key>path</key>
			<string>AppDelegate.m</string>
			<key>sourceTree</key>
			<string>&lt;group&gt;</string>
		</dict>
		<key>EBF739FE1CBF5D4000F2CC92</key>
		<dict>
			<key>fileRef</key>
			<string>EBF739FD1CBF5D4000F2CC92</string>
			<key>isa</key>
			<string>PBXBuildFile</string>
		</dict>
		<key>EBF739FF1CBF5D4000F2CC92</key>
		<dict>
			<key>isa</key>
			<string>PBXFileReference</string>
			<key>lastKnownFileType</key>
			<string>sourcecode.c.h</string>
			<key>path</key>
			<string>ViewController.h</string>
			<key>sourceTree</key>
			<string>&lt;group&gt;</string>
		</dict>
		<key>EBF73A001CBF5D4000F2CC92</key>
		<dict>
			<key>isa</key>
			<string>PBXFileReference</string>
			<key>lastKnownFileType</key>
			<string>sourcecode.c.objc</string>
			<key>path</key>
			<string>ViewController.m</string>
			<key>sourceTree</key>
			<string>&lt;group&gt;</string>
		</dict>
		<key>EBF73A011CBF5D4000F2CC92</key>
		<dict>
			<key>fileRef</key>
			<string>EBF73A001CBF5D4000F2CC92</string>
			<key>isa</key>
			<string>PBXBuildFile</string>
		</dict>
		<key>EBF73A051CBF5D4000F2CC92</key>
		<dict>
			<key>isa</key>
			<string>PBXFileReference</string>
			<key>lastKnownFileType</key>
			<string>folder.assetcatalog</string>
			<key>path</key>
			<string>Assets.xcassets</string>
			<key>sourceTree</key>
			<string>&lt;group&gt;</string>
		</dict>
		<key>EBF73A061CBF5D4000F2CC92</key>
		<dict>
			<key>fileRef</key>
			<string>EBF73A051CBF5D4000F2CC92</string>
			<key>isa</key>
			<string>PBXBuildFile</string>
		</dict>
		<key>EBF73A0A1CBF5D4000F2CC92</key>
		<dict>
			<key>isa</key>
			<string>PBXFileReference</string>
			<key>lastKnownFileType</key>
			<string>text.plist.xml</string>
			<key>path</key>
			<string>Info.plist</string>
			<key>sourceTree</key>
			<string>&lt;group&gt;</string>
		</dict>
		<key>EBF73A0B1CBF5D4000F2CC92</key>
		<dict>
			<key>buildActionMask</key>
			<string>2147483647</string>
			<key>files</key>
			<array>
				<string>EBF73A141CBF5D4000F2CC92</string>
			</array>
			<key>isa</key>
			<string>PBXSourcesBuildPhase</string>
			<key>runOnlyForDeploymentPostprocessing</key>
			<string>0</string>
		</dict>
		<key>EBF73A0C1CBF5D4000F2CC92</key>
		<dict>
			<key>buildActionMask</key>
			<string>2147483647</string>
			<key>files</key>
			<array/>
			<key>isa</key>
			<string>PBXFrameworksBuildPhase</string>
			<key>runOnlyForDeploymentPostprocessing</key>
			<string>0</string>
		</dict>
		<key>EBF73A0D1CBF5D4000F2CC92</key>
		<dict>
			<key>buildActionMask</key>
			<string>2147483647</string>
			<key>files</key>
			<array/>
			<key>isa</key>
			<string>PBXResourcesBuildPhase</string>
			<key>runOnlyForDeploymentPostprocessing</key>
			<string>0</string>
		</dict>
		<key>EBF73A0E1CBF5D4000F2CC92</key>
		<dict>
			<key>buildConfigurationList</key>
			<string>EBF73A261CBF5D4000F2CC92</string>
			<key>buildPhases</key>
			<array>
				<string>EBF73A0B1CBF5D4000F2CC92</string>
				<string>EBF73A0C1CBF5D4000F2CC92</string>
				<string>EBF73A0D1CBF5D4000F2CC92</string>
			</array>
			<key>buildRules</key>
			<array/>
			<key>dependencies</key>
			<array>
				<string>EBF73A111CBF5D4000F2CC92</string>
			</array>
			<key>isa</key>
			<string>PBXNativeTarget</string>
			<key>name</key>
			<string>ironTests</string>
			<key>productName</key>
			<string>ironTests</string>
			<key>productReference</key>
			<string>EBF73A0F1CBF5D4000F2CC92</string>
			<key>productType</key>
			<string>com.apple.product-type.bundle.unit-test</string>
		</dict>
		<key>EBF73A0F1CBF5D4000F2CC92</key>
		<dict>
			<key>explicitFileType</key>
			<string>wrapper.cfbundle</string>
			<key>includeInIndex</key>
			<string>0</string>
			<key>isa</key>
			<string>PBXFileReference</string>
			<key>path</key>
			<string>ironTests.xctest</string>
			<key>sourceTree</key>
			<string>BUILT_PRODUCTS_DIR</string>
		</dict>
		<key>EBF73A101CBF5D4000F2CC92</key>
		<dict>
			<key>containerPortal</key>
			<string>EBF739EE1CBF5D4000F2CC92</string>
			<key>isa</key>
			<string>PBXContainerItemProxy</string>
			<key>proxyType</key>
			<string>1</string>
			<key>remoteGlobalIDString</key>
			<string>EBF739F51CBF5D4000F2CC92</string>
			<key>remoteInfo</key>
			<string>iron</string>
		</dict>
		<key>EBF73A111CBF5D4000F2CC92</key>
		<dict>
			<key>isa</key>
			<string>PBXTargetDependency</string>
			<key>target</key>
			<string>EBF739F51CBF5D4000F2CC92</string>
			<key>targetProxy</key>
			<string>EBF73A101CBF5D4000F2CC92</string>
		</dict>
		<key>EBF73A121CBF5D4000F2CC92</key>
		<dict>
			<key>children</key>
			<array>
				<string>EBF73A131CBF5D4000F2CC92</string>
				<string>EBF73A151CBF5D4000F2CC92</string>
			</array>
			<key>isa</key>
			<string>PBXGroup</string>
			<key>path</key>
			<string>ironTests</string>
			<key>sourceTree</key>
			<string>&lt;group&gt;</string>
		</dict>
		<key>EBF73A131CBF5D4000F2CC92</key>
		<dict>
			<key>isa</key>
			<string>PBXFileReference</string>
			<key>lastKnownFileType</key>
			<string>sourcecode.c.objc</string>
			<key>path</key>
			<string>ironTests.m</string>
			<key>sourceTree</key>
			<string>&lt;group&gt;</string>
		</dict>
		<key>EBF73A141CBF5D4000F2CC92</key>
		<dict>
			<key>fileRef</key>
			<string>EBF73A131CBF5D4000F2CC92</string>
			<key>isa</key>
			<string>PBXBuildFile</string>
		</dict>
		<key>EBF73A151CBF5D4000F2CC92</key>
		<dict>
			<key>isa</key>
			<string>PBXFileReference</string>
			<key>lastKnownFileType</key>
			<string>text.plist.xml</string>
			<key>path</key>
			<string>Info.plist</string>
			<key>sourceTree</key>
			<string>&lt;group&gt;</string>
		</dict>
		<key>EBF73A161CBF5D4000F2CC92</key>
		<dict>
			<key>buildActionMask</key>
			<string>2147483647</string>
			<key>files</key>
			<array>
				<string>EBF73A1F1CBF5D4000F2CC92</string>
			</array>
			<key>isa</key>
			<string>PBXSourcesBuildPhase</string>
			<key>runOnlyForDeploymentPostprocessing</key>
			<string>0</string>
		</dict>
		<key>EBF73A171CBF5D4000F2CC92</key>
		<dict>
			<key>buildActionMask</key>
			<string>2147483647</string>
			<key>files</key>
			<array/>
			<key>isa</key>
			<string>PBXFrameworksBuildPhase</string>
			<key>runOnlyForDeploymentPostprocessing</key>
			<string>0</string>
		</dict>
		<key>EBF73A181CBF5D4000F2CC92</key>
		<dict>
			<key>buildActionMask</key>
			<string>2147483647</string>
			<key>files</key>
			<array/>
			<key>isa</key>
			<string>PBXResourcesBuildPhase</string>
			<key>runOnlyForDeploymentPostprocessing</key>
			<string>0</string>
		</dict>
		<key>EBF73A191CBF5D4000F2CC92</key>
		<dict>
			<key>buildConfigurationList</key>
			<string>EBF73A291CBF5D4000F2CC92</string>
			<key>buildPhases</key>
			<array>
				<string>EBF73A161CBF5D4000F2CC92</string>
				<string>EBF73A171CBF5D4000F2CC92</string>
				<string>EBF73A181CBF5D4000F2CC92</string>
			</array>
			<key>buildRules</key>
			<array/>
			<key>dependencies</key>
			<array>
				<string>EBF73A1C1CBF5D4000F2CC92</string>
			</array>
			<key>isa</key>
			<string>PBXNativeTarget</string>
			<key>name</key>
			<string>ironUITests</string>
			<key>productName</key>
			<string>ironUITests</string>
			<key>productReference</key>
			<string>EBF73A1A1CBF5D4000F2CC92</string>
			<key>productType</key>
			<string>com.apple.product-type.bundle.ui-testing</string>
		</dict>
		<key>EBF73A1A1CBF5D4000F2CC92</key>
		<dict>
			<key>explicitFileType</key>
			<string>wrapper.cfbundle</string>
			<key>includeInIndex</key>
			<string>0</string>
			<key>isa</key>
			<string>PBXFileReference</string>
			<key>path</key>
			<string>ironUITests.xctest</string>
			<key>sourceTree</key>
			<string>BUILT_PRODUCTS_DIR</string>
		</dict>
		<key>EBF73A1B1CBF5D4000F2CC92</key>
		<dict>
			<key>containerPortal</key>
			<string>EBF739EE1CBF5D4000F2CC92</string>
			<key>isa</key>
			<string>PBXContainerItemProxy</string>
			<key>proxyType</key>
			<string>1</string>
			<key>remoteGlobalIDString</key>
			<string>EBF739F51CBF5D4000F2CC92</string>
			<key>remoteInfo</key>
			<string>iron</string>
		</dict>
		<key>EBF73A1C1CBF5D4000F2CC92</key>
		<dict>
			<key>isa</key>
			<string>PBXTargetDependency</string>
			<key>target</key>
			<string>EBF739F51CBF5D4000F2CC92</string>
			<key>targetProxy</key>
			<string>EBF73A1B1CBF5D4000F2CC92</string>
		</dict>
		<key>EBF73A1D1CBF5D4000F2CC92</key>
		<dict>
			<key>children</key>
			<array>
				<string>EBF73A1E1CBF5D4000F2CC92</string>
				<string>EBF73A201CBF5D4000F2CC92</string>
			</array>
			<key>isa</key>
			<string>PBXGroup</string>
			<key>path</key>
			<string>ironUITests</string>
			<key>sourceTree</key>
			<string>&lt;group&gt;</string>
		</dict>
		<key>EBF73A1E1CBF5D4000F2CC92</key>
		<dict>
			<key>isa</key>
			<string>PBXFileReference</string>
			<key>lastKnownFileType</key>
			<string>sourcecode.c.objc</string>
			<key>path</key>
			<string>ironUITests.m</string>
			<key>sourceTree</key>
			<string>&lt;group&gt;</string>
		</dict>
		<key>EBF73A1F1CBF5D4000F2CC92</key>
		<dict>
			<key>fileRef</key>
			<string>EBF73A1E1CBF5D4000F2CC92</string>
			<key>isa</key>
			<string>PBXBuildFile</string>
		</dict>
		<key>EBF73A201CBF5D4000F2CC92</key>
		<dict>
			<key>isa</key>
			<string>PBXFileReference</string>
			<key>lastKnownFileType</key>
			<string>text.plist.xml</string>
			<key>path</key>
			<string>Info.plist</string>
			<key>sourceTree</key>
			<string>&lt;group&gt;</string>
		</dict>
		<key>EBF73A211CBF5D4000F2CC92</key>
		<dict>
			<key>buildSettings</key>
			<dict>
				<key>ALWAYS_SEARCH_USER_PATHS</key>
				<string>NO</string>
				<key>CLANG_ANALYZER_NONNULL</key>
				<string>YES</string>
				<key>CLANG_CXX_LANGUAGE_STANDARD</key>
				<string>gnu++0x</string>
				<key>CLANG_CXX_LIBRARY</key>
				<string>libc++</string>
				<key>CLANG_ENABLE_MODULES</key>
				<string>YES</string>
				<key>CLANG_ENABLE_OBJC_ARC</key>
				<string>YES</string>
				<key>CLANG_WARN_BOOL_CONVERSION</key>
				<string>YES</string>
				<key>CLANG_WARN_CONSTANT_CONVERSION</key>
				<string>YES</string>
				<key>CLANG_WARN_DIRECT_OBJC_ISA_USAGE</key>
				<string>YES_ERROR</string>
				<key>CLANG_WARN_EMPTY_BODY</key>
				<string>YES</string>
				<key>CLANG_WARN_ENUM_CONVERSION</key>
				<string>YES</string>
				<key>CLANG_WARN_INT_CONVERSION</key>
				<string>YES</string>
				<key>CLANG_WARN_OBJC_ROOT_CLASS</key>
				<string>YES_ERROR</string>
				<key>CLANG_WARN_UNREACHABLE_CODE</key>
				<string>YES</string>
				<key>CLANG_WARN__DUPLICATE_METHOD_MATCH</key>
				<string>YES</string>
				<key>CODE_SIGN_IDENTITY[sdk=iphoneos*]</key>
				<string>iPhone Developer</string>
				<key>COPY_PHASE_STRIP</key>
				<string>NO</string>
				<key>DEBUG_INFORMATION_FORMAT</key>
				<string>dwarf</string>
				<key>ENABLE_STRICT_OBJC_MSGSEND</key>
				<string>YES</string>
				<key>ENABLE_TESTABILITY</key>
				<string>YES</string>
				<key>GCC_C_LANGUAGE_STANDARD</key>
				<string>gnu99</string>
				<key>GCC_DYNAMIC_NO_PIC</key>
				<string>NO</string>
				<key>GCC_NO_COMMON_BLOCKS</key>
				<string>YES</string>
				<key>GCC_OPTIMIZATION_LEVEL</key>
				<string>0</string>
				<key>GCC_PREPROCESSOR_DEFINITIONS</key>
				<array>
					<string>DEBUG=1</string>
					<string>$(inherited)</string>
				</array>
				<key>GCC_WARN_64_TO_32_BIT_CONVERSION</key>
				<string>YES</string>
				<key>GCC_WARN_ABOUT_RETURN_TYPE</key>
				<string>YES_ERROR</string>
				<key>GCC_WARN_UNDECLARED_SELECTOR</key>
				<string>YES</string>
				<key>GCC_WARN_UNINITIALIZED_AUTOS</key>
				<string>YES_AGGRESSIVE</string>
				<key>GCC_WARN_UNUSED_FUNCTION</key>
				<string>YES</string>
				<key>GCC_WARN_UNUSED_VARIABLE</key>
				<string>YES</string>
				<key>IPHONEOS_DEPLOYMENT_TARGET</key>
				<string>9.3</string>
				<key>MTL_ENABLE_DEBUG_INFO</key>
				<string>YES</string>
				<key>ONLY_ACTIVE_ARCH</key>
				<string>YES</string>
				<key>SDKROOT</key>
				<string>iphoneos</string>
				<key>TARGETED_DEVICE_FAMILY</key>
				<string>1,2</string>
			</dict>
			<key>isa</key>
			<string>XCBuildConfiguration</string>
			<key>name</key>
			<string>Debug</string>
		</dict>
		<key>EBF73A221CBF5D4000F2CC92</key>
		<dict>
			<key>buildSettings</key>
			<dict>
				<key>ALWAYS_SEARCH_USER_PATHS</key>
				<string>NO</string>
				<key>CLANG_ANALYZER_NONNULL</key>
				<string>YES</string>
				<key>CLANG_CXX_LANGUAGE_STANDARD</key>
				<string>gnu++0x</string>
				<key>CLANG_CXX_LIBRARY</key>
				<string>libc++</string>
				<key>CLANG_ENABLE_MODULES</key>
				<string>YES</string>
				<key>CLANG_ENABLE_OBJC_ARC</key>
				<string>YES</string>
				<key>CLANG_WARN_BOOL_CONVERSION</key>
				<string>YES</string>
				<key>CLANG_WARN_CONSTANT_CONVERSION</key>
				<string>YES</string>
				<key>CLANG_WARN_DIRECT_OBJC_ISA_USAGE</key>
				<string>YES_ERROR</string>
				<key>CLANG_WARN_EMPTY_BODY</key>
				<string>YES</string>
				<key>CLANG_WARN_ENUM_CONVERSION</key>
				<string>YES</string>
				<key>CLANG_WARN_INT_CONVERSION</key>
				<string>YES</string>
				<key>CLANG_WARN_OBJC_ROOT_CLASS</key>
				<string>YES_ERROR</string>
				<key>CLANG_WARN_UNREACHABLE_CODE</key>
				<string>YES</string>
				<key>CLANG_WARN__DUPLICATE_METHOD_MATCH</key>
				<string>YES</string>
				<key>CODE_SIGN_IDENTITY[sdk=iphoneos*]</key>
				<string>iPhone Developer</string>
				<key>COPY_PHASE_STRIP</key>
				<string>NO</string>
				<key>DEBUG_INFORMATION_FORMAT</key>
				<string>dwarf-with-dsym</string>
				<key>ENABLE_NS_ASSERTIONS</key>
				<string>NO</string>
				<key>ENABLE_STRICT_OBJC_MSGSEND</key>
				<string>YES</string>
				<key>GCC_C_LANGUAGE_STANDARD</key>
				<string>gnu99</string>
				<key>GCC_NO_COMMON_BLOCKS</key>
				<string>YES</string>
				<key>GCC_WARN_64_TO_32_BIT_CONVERSION</key>
				<string>YES</string>
				<key>GCC_WARN_ABOUT_RETURN_TYPE</key>
				<string>YES_ERROR</string>
				<key>GCC_WARN_UNDECLARED_SELECTOR</key>
				<string>YES</string>
				<key>GCC_WARN_UNINITIALIZED_AUTOS</key>
				<string>YES_AGGRESSIVE</string>
				<key>GCC_WARN_UNUSED_FUNCTION</key>
				<string>YES</string>
				<key>GCC_WARN_UNUSED_VARIABLE</key>
				<string>YES</string>
				<key>IPHONEOS_DEPLOYMENT_TARGET</key>
				<string>9.3</string>
				<key>MTL_ENABLE_DEBUG_INFO</key>
				<string>NO</string>
				<key>SDKROOT</key>
				<string>iphoneos</string>
				<key>TARGETED_DEVICE_FAMILY</key>
				<string>1,2</string>
				<key>VALIDATE_PRODUCT</key>
				<string>YES</string>
			</dict>
			<key>isa</key>
			<string>XCBuildConfiguration</string>
			<key>name</key>
			<string>Release</string>
		</dict>
		<key>EBF73A231CBF5D4000F2CC92</key>
		<dict>
			<key>buildConfigurations</key>
			<array>
				<string>EBF73A241CBF5D4000F2CC92</string>
				<string>EBF73A251CBF5D4000F2CC92</string>
			</array>
			<key>defaultConfigurationIsVisible</key>
			<string>0</string>
			<key>defaultConfigurationName</key>
			<string>Release</string>
			<key>isa</key>
			<string>XCConfigurationList</string>
		</dict>
		<key>EBF73A241CBF5D4000F2CC92</key>
		<dict>
			<key>baseConfigurationReference</key>
			<string>9400E240B574559D348B5469</string>
			<key>buildSettings</key>
			<dict>
				<key>ASSETCATALOG_COMPILER_APPICON_NAME</key>
				<string>AppIcon</string>
				<key>FRAMEWORK_SEARCH_PATHS</key>
				<string></string>
				<key>INFOPLIST_FILE</key>
				<string>iron/Info.plist</string>
				<key>LD_RUNPATH_SEARCH_PATHS</key>
				<string>$(inherited) @executable_path/Frameworks</string>
				<key>LIBRARY_SEARCH_PATHS</key>
				<string>$(inherited)</string>
				<key>PRODUCT_BUNDLE_IDENTIFIER</key>
				<string>com.sonytheakanath.iron</string>
				<key>PRODUCT_NAME</key>
				<string>$(TARGET_NAME)</string>
				<key>USER_HEADER_SEARCH_PATHS</key>
				<string>../** $(BUILT_PRODUCTS_DIR)/**</string>
			</dict>
			<key>isa</key>
			<string>XCBuildConfiguration</string>
			<key>name</key>
			<string>Debug</string>
		</dict>
		<key>EBF73A251CBF5D4000F2CC92</key>
		<dict>
			<key>baseConfigurationReference</key>
			<string>0B3FFC285AD44BDFB7780D88</string>
			<key>buildSettings</key>
			<dict>
				<key>ASSETCATALOG_COMPILER_APPICON_NAME</key>
				<string>AppIcon</string>
				<key>FRAMEWORK_SEARCH_PATHS</key>
				<string></string>
				<key>INFOPLIST_FILE</key>
				<string>iron/Info.plist</string>
				<key>LD_RUNPATH_SEARCH_PATHS</key>
				<string>$(inherited) @executable_path/Frameworks</string>
				<key>LIBRARY_SEARCH_PATHS</key>
				<string>$(inherited)</string>
				<key>PRODUCT_BUNDLE_IDENTIFIER</key>
				<string>com.sonytheakanath.iron</string>
				<key>PRODUCT_NAME</key>
				<string>$(TARGET_NAME)</string>
				<key>USER_HEADER_SEARCH_PATHS</key>
				<string>../** $(BUILT_PRODUCTS_DIR)/**</string>
			</dict>
			<key>isa</key>
			<string>XCBuildConfiguration</string>
			<key>name</key>
			<string>Release</string>
		</dict>
		<key>EBF73A261CBF5D4000F2CC92</key>
		<dict>
			<key>buildConfigurations</key>
			<array>
				<string>EBF73A271CBF5D4000F2CC92</string>
				<string>EBF73A281CBF5D4000F2CC92</string>
			</array>
			<key>defaultConfigurationIsVisible</key>
			<string>0</string>
			<key>defaultConfigurationName</key>
			<string>Release</string>
			<key>isa</key>
			<string>XCConfigurationList</string>
		</dict>
		<key>EBF73A271CBF5D4000F2CC92</key>
		<dict>
			<key>buildSettings</key>
			<dict>
				<key>BUNDLE_LOADER</key>
				<string>$(TEST_HOST)</string>
				<key>INFOPLIST_FILE</key>
				<string>ironTests/Info.plist</string>
				<key>LD_RUNPATH_SEARCH_PATHS</key>
				<string>$(inherited) @executable_path/Frameworks @loader_path/Frameworks</string>
				<key>PRODUCT_BUNDLE_IDENTIFIER</key>
				<string>com.sonytheakanath.ironTests</string>
				<key>PRODUCT_NAME</key>
				<string>$(TARGET_NAME)</string>
				<key>TEST_HOST</key>
				<string>$(BUILT_PRODUCTS_DIR)/iron.app/iron</string>
			</dict>
			<key>isa</key>
			<string>XCBuildConfiguration</string>
			<key>name</key>
			<string>Debug</string>
		</dict>
		<key>EBF73A281CBF5D4000F2CC92</key>
		<dict>
			<key>buildSettings</key>
			<dict>
				<key>BUNDLE_LOADER</key>
				<string>$(TEST_HOST)</string>
				<key>INFOPLIST_FILE</key>
				<string>ironTests/Info.plist</string>
				<key>LD_RUNPATH_SEARCH_PATHS</key>
				<string>$(inherited) @executable_path/Frameworks @loader_path/Frameworks</string>
				<key>PRODUCT_BUNDLE_IDENTIFIER</key>
				<string>com.sonytheakanath.ironTests</string>
				<key>PRODUCT_NAME</key>
				<string>$(TARGET_NAME)</string>
				<key>TEST_HOST</key>
				<string>$(BUILT_PRODUCTS_DIR)/iron.app/iron</string>
			</dict>
			<key>isa</key>
			<string>XCBuildConfiguration</string>
			<key>name</key>
			<string>Release</string>
		</dict>
		<key>EBF73A291CBF5D4000F2CC92</key>
		<dict>
			<key>buildConfigurations</key>
			<array>
				<string>EBF73A2A1CBF5D4000F2CC92</string>
				<string>EBF73A2B1CBF5D4000F2CC92</string>
			</array>
			<key>defaultConfigurationIsVisible</key>
			<string>0</string>
			<key>defaultConfigurationName</key>
			<string>Release</string>
			<key>isa</key>
			<string>XCConfigurationList</string>
		</dict>
		<key>EBF73A2A1CBF5D4000F2CC92</key>
		<dict>
			<key>buildSettings</key>
			<dict>
				<key>INFOPLIST_FILE</key>
				<string>ironUITests/Info.plist</string>
				<key>LD_RUNPATH_SEARCH_PATHS</key>
				<string>$(inherited) @executable_path/Frameworks @loader_path/Frameworks</string>
				<key>PRODUCT_BUNDLE_IDENTIFIER</key>
				<string>com.sonytheakanath.ironUITests</string>
				<key>PRODUCT_NAME</key>
				<string>$(TARGET_NAME)</string>
				<key>TEST_TARGET_NAME</key>
				<string>iron</string>
			</dict>
			<key>isa</key>
			<string>XCBuildConfiguration</string>
			<key>name</key>
			<string>Debug</string>
		</dict>
		<key>EBF73A2B1CBF5D4000F2CC92</key>
		<dict>
			<key>buildSettings</key>
			<dict>
				<key>INFOPLIST_FILE</key>
				<string>ironUITests/Info.plist</string>
				<key>LD_RUNPATH_SEARCH_PATHS</key>
				<string>$(inherited) @executable_path/Frameworks @loader_path/Frameworks</string>
				<key>PRODUCT_BUNDLE_IDENTIFIER</key>
				<string>com.sonytheakanath.ironUITests</string>
				<key>PRODUCT_NAME</key>
				<string>$(TARGET_NAME)</string>
				<key>TEST_TARGET_NAME</key>
				<string>iron</string>
			</dict>
			<key>isa</key>
			<string>XCBuildConfiguration</string>
			<key>name</key>
			<string>Release</string>
		</dict>
		<key>EBF73A4A1CBF65A000F2CC92</key>
		<dict>
			<key>buildActionMask</key>
			<string>12</string>
			<key>dstPath</key>
			<string></string>
			<key>dstSubfolderSpec</key>
			<string>10</string>
			<key>files</key>
			<array/>
			<key>isa</key>
			<string>PBXCopyFilesBuildPhase</string>
			<key>runOnlyForDeploymentPostprocessing</key>
			<string>0</string>
		</dict>
	</dict>
	<key>rootObject</key>
	<string>EBF739EE1CBF5D4000F2CC92</string>
</dict>
</plist>
